<?xml version="1.0" encoding="utf-8"?>
<Project ToolsVersion="4.0" xmlns="http://schemas.microsoft.com/developer/msbuild/2003">
  <ItemGroup>
    <Filter Include="Source Files">
      <UniqueIdentifier>{4FC737F1-C7A5-4376-A066-2A32D752A2FF}</UniqueIdentifier>
      <Extensions>cpp;c;cc;cxx;c++;def;odl;idl;hpj;bat;asm;asmx</Extensions>
    </Filter>
    <Filter Include="Header Files">
      <UniqueIdentifier>{93995380-89BD-4b04-88EB-625FBE52EBFB}</UniqueIdentifier>
      <Extensions>h;hh;hpp;hxx;h++;hm;inl;inc;ipp;xsd</Extensions>
    </Filter>
    <Filter Include="Resource Files">
      <UniqueIdentifier>{67DA6AB6-F800-4c08-8B7A-83BB121AAD01}</UniqueIdentifier>
      <Extensions>rc;ico;cur;bmp;dlg;rc2;rct;bin;rgs;gif;jpg;jpeg;jpe;resx;tiff;tif;png;wav;mfcribbon-ms</Extensions>
    </Filter>
  </ItemGroup>
  <ItemGroup>
    <ClCompile Include="main.cpp">
      <Filter>Source Files</Filter>
    </ClCompile>
    <ClCompile Include="includes\external\glad.c">
      <Filter>Source Files</Filter>
    </ClCompile>
    <ClCompile Include="includes\core\gl\gl_shader_program.cpp">
      <Filter>Source Files</Filter>
    </ClCompile>
    <ClCompile Include="includes\core\assets\asset_manager.cpp">
      <Filter>Source Files</Filter>
    </ClCompile>
    <ClCompile Include="includes\core\assets\iasset.cpp">
      <Filter>Source Files</Filter>
    </ClCompile>
    <ClCompile Include="includes\core\manifests\activity_manifest.cpp">
      <Filter>Source Files</Filter>
    </ClCompile>
    <ClCompile Include="includes\core\manifests\app_manifest.cpp">
      <Filter>Source Files</Filter>
    </ClCompile>
    <ClCompile Include="includes\core\log\log.cpp">
      <Filter>Source Files</Filter>
    </ClCompile>
    <ClCompile Include="includes\core\activity\iactivity.cpp">
      <Filter>Source Files</Filter>
    </ClCompile>
    <ClCompile Include="includes\core\activity\game_object.cpp">
      <Filter>Source Files</Filter>
    </ClCompile>
    <ClCompile Include="includes\core\math\transform.cpp">
      <Filter>Source Files</Filter>
    </ClCompile>
    <ClCompile Include="includes\core\assets\asset_loaders.cpp">
      <Filter>Source Files</Filter>
    </ClCompile>
    <ClCompile Include="includes\core\assets\images\asset_image.cpp">
      <Filter>Source Files</Filter>
    </ClCompile>
    <ClCompile Include="includes\core\gl\gl_tex_slot_manager.cpp">
      <Filter>Source Files</Filter>
    </ClCompile>
    <ClCompile Include="includes\core\activity\activity_manager.cpp">
      <Filter>Source Files</Filter>
    </ClCompile>
    <ClCompile Include="includes\core\window\window_wrapper.cpp">
      <Filter>Source Files</Filter>
    </ClCompile>
    <ClCompile Include="includes\game\activity_splash.cpp">
      <Filter>Source Files</Filter>
    </ClCompile>
    <ClCompile Include="includes\core\camera\camera.cpp">
      <Filter>Source Files</Filter>
    </ClCompile>
    <ClCompile Include="includes\game\patternPrint.cpp">
      <Filter>Source Files</Filter>
    </ClCompile>
    <ClCompile Include="includes\core\math\iinterpolator.cpp">
      <Filter>Source Files</Filter>
    </ClCompile>
    <ClCompile Include="includes\core\math\interpolator_linear.cpp">
      <Filter>Source Files</Filter>
    </ClCompile>
    <ClCompile Include="includes\core\activity\layer.cpp">
      <Filter>Source Files</Filter>
    </ClCompile>
    <ClCompile Include="includes\core\components\icomponent.cpp">
      <Filter>Source Files</Filter>
    </ClCompile>
    <ClCompile Include="includes\core\components\sprite.cpp">
      <Filter>Source Files</Filter>
    </ClCompile>
  </ItemGroup>
  <ItemGroup>
    <ClInclude Include="includes\external\glad\glad.h">
      <Filter>Header Files</Filter>
    </ClInclude>
    <ClInclude Include="includes\external\GLFW\glfw3.h">
      <Filter>Header Files</Filter>
    </ClInclude>
    <ClInclude Include="includes\external\GLFW\glfw3native.h">
      <Filter>Header Files</Filter>
    </ClInclude>
    <ClInclude Include="includes\external\KHR\khrplatform.h">
      <Filter>Header Files</Filter>
    </ClInclude>
    <ClInclude Include="includes\core\gl\gl_shader_program.h">
      <Filter>Header Files</Filter>
    </ClInclude>
    <ClInclude Include="includes\core\assets\asset_manager.h">
      <Filter>Header Files</Filter>
    </ClInclude>
    <ClInclude Include="includes\core\assets\iasset.h">
      <Filter>Header Files</Filter>
    </ClInclude>
    <ClInclude Include="includes\core\manifests\activity_manifest.h">
      <Filter>Header Files</Filter>
    </ClInclude>
    <ClInclude Include="includes\core\manifests\app_manifest.h">
      <Filter>Header Files</Filter>
    </ClInclude>
    <ClInclude Include="includes\core\json\json_wrapper.h">
      <Filter>Header Files</Filter>
    </ClInclude>
    <ClInclude Include="includes\core\log\log.h">
      <Filter>Header Files</Filter>
    </ClInclude>
    <ClInclude Include="includes\core\activity\iactivity.h">
      <Filter>Header Files</Filter>
    </ClInclude>
    <ClInclude Include="includes\core\activity\game_object.h">
      <Filter>Header Files</Filter>
    </ClInclude>
    <ClInclude Include="includes\core\math\transform.h">
      <Filter>Header Files</Filter>
    </ClInclude>
    <ClInclude Include="includes\core\assets\asset_loaders.h">
      <Filter>Header Files</Filter>
    </ClInclude>
    <ClInclude Include="includes\core\assets\images\asset_image.h">
      <Filter>Header Files</Filter>
    </ClInclude>
    <ClInclude Include="includes\core\gl\gl_tex_slot_manager.h">
      <Filter>Header Files</Filter>
    </ClInclude>
    <ClInclude Include="includes\core\activity\activity_manager.h">
      <Filter>Header Files</Filter>
    </ClInclude>
    <ClInclude Include="includes\core\window\window_wrapper.h">
      <Filter>Header Files</Filter>
    </ClInclude>
    <ClInclude Include="includes\game\activity_splash.h">
      <Filter>Header Files</Filter>
    </ClInclude>
    <ClInclude Include="includes\core\camera\camera.h">
      <Filter>Header Files</Filter>
    </ClInclude>
    <ClInclude Include="includes\game\patternPrint.h">
      <Filter>Header Files</Filter>
    </ClInclude>
    <ClInclude Include="includes\core\math\iinterpolator.h">
      <Filter>Header Files</Filter>
    </ClInclude>
    <ClInclude Include="includes\core\math\interpolator_linear.h">
      <Filter>Header Files</Filter>
    </ClInclude>
    <ClInclude Include="includes\core\activity\layer.h">
      <Filter>Header Files</Filter>
    </ClInclude>
    <ClInclude Include="includes\core\components\icomponent.h">
      <Filter>Header Files</Filter>
    </ClInclude>
    <ClInclude Include="includes\core\components\sprite.h">
      <Filter>Header Files</Filter>
    </ClInclude>
  </ItemGroup>
</Project>